
Microsoft Visual Studio Solution File, Format Version 12.00
# Visual Studio 15
Project("{FAE04EC0-301F-11D3-BF4B-00C04F79EFBC}") = "Assembly-CSharp", "Assembly-CSharp.csproj", "{D6355ED1-61E5-5BDA-332D-D7626A1505E6}"
EndProject
Project("{FAE04EC0-301F-11D3-BF4B-00C04F79EFBC}") = "Nobi.UiRoundedCorners", "Nobi.UiRoundedCorners.csproj", "{271C0701-773A-AA32-EFEA-23ABEB921033}"
EndProject
Global
	GlobalSection(SolutionConfigurationPlatforms) = preSolution
		Debug|Any CPU = Debug|Any CPU
		Release|Any CPU = Release|Any CPU
	EndGlobalSection
	GlobalSection(ProjectConfigurationPlatforms) = postSolution
		{D6355ED1-61E5-5BDA-332D-D7626A1505E6}.Debug|Any CPU.ActiveCfg = Debug|Any CPU
		{D6355ED1-61E5-5BDA-332D-D7626A1505E6}.Debug|Any CPU.Build.0 = Debug|Any CPU
		{D6355ED1-61E5-5BDA-332D-D7626A1505E6}.Release|Any CPU.ActiveCfg = Release|Any CPU
		{D6355ED1-61E5-5BDA-332D-D7626A1505E6}.Release|Any CPU.Build.0 = Release|Any CPU
		{271C0701-773A-AA32-EFEA-23ABEB921033}.Debug|Any CPU.ActiveCfg = Debug|Any CPU
		{271C0701-773A-AA32-EFEA-23ABEB921033}.Debug|Any CPU.Build.0 = Debug|Any CPU
		{271C0701-773A-AA32-EFEA-23ABEB921033}.Release|Any CPU.ActiveCfg = Release|Any CPU
		{271C0701-773A-AA32-EFEA-23ABEB921033}.Release|Any CPU.Build.0 = Release|Any CPU
	EndGlobalSection
	GlobalSection(SolutionProperties) = preSolution
		HideSolutionNode = FALSE
	EndGlobalSection
EndGlobal
